
Microsoft Visual Studio Solution File, Format Version 12.00
# Visual Studio Version 17
VisualStudioVersion = 17.6.33815.320
MinimumVisualStudioVersion = 10.0.40219.1
Project("{FAE04EC0-301F-11D3-BF4B-00C04F79EFBC}") = "server", "server.csproj", "{6C9C9374-F978-40C4-8CB7-7CE650AA355A}"
EndProject
Project("{FAE04EC0-301F-11D3-BF4B-00C04F79EFBC}") = "client", "..\client\client.csproj", "{E6B65D1B-1E56-4443-A8B3-4C0328D0FB61}"
EndProject
Global
	GlobalSection(SolutionConfigurationPlatforms) = preSolution
		Debug|Any CPU = Debug|Any CPU
		Release|Any CPU = Release|Any CPU
	EndGlobalSection
	GlobalSection(ProjectConfigurationPlatforms) = postSolution
		{6C9C9374-F978-40C4-8CB7-7CE650AA355A}.Debug|Any CPU.ActiveCfg = Debug|Any CPU
		{6C9C9374-F978-40C4-8CB7-7CE650AA355A}.Debug|Any CPU.Build.0 = Debug|Any CPU
		{6C9C9374-F978-40C4-8CB7-7CE650AA355A}.Release|Any CPU.ActiveCfg = Release|Any CPU
		{6C9C9374-F978-40C4-8CB7-7CE650AA355A}.Release|Any CPU.Build.0 = Release|Any CPU
		{E6B65D1B-1E56-4443-A8B3-4C0328D0FB61}.Debug|Any CPU.ActiveCfg = Debug|Any CPU
		{E6B65D1B-1E56-4443-A8B3-4C0328D0FB61}.Debug|Any CPU.Build.0 = Debug|Any CPU
		{E6B65D1B-1E56-4443-A8B3-4C0328D0FB61}.Release|Any CPU.ActiveCfg = Release|Any CPU
		{E6B65D1B-1E56-4443-A8B3-4C0328D0FB61}.Release|Any CPU.Build.0 = Release|Any CPU
	EndGlobalSection
	GlobalSection(SolutionProperties) = preSolution
		HideSolutionNode = FALSE
	EndGlobalSection
	GlobalSection(ExtensibilityGlobals) = postSolution
		SolutionGuid = {275560C4-AD85-4E0A-BE97-7137081681BF}
	EndGlobalSection
EndGlobal
